
Microsoft Visual Studio Solution File, Format Version 12.00
# Visual Studio Version 17
VisualStudioVersion = 17.5.002.0
MinimumVisualStudioVersion = 10.0.40219.1
Project("{9A19103F-16F7-4668-BE54-9A1E7A4F7556}") = "FruitApi", "FruitApi.csproj", "{1C2ABCC6-5734-4C54-B115-9915D838B569}"
EndProject
Global
	GlobalSection(SolutionConfigurationPlatforms) = preSolution
		Debug|Any CPU = Debug|Any CPU
		Release|Any CPU = Release|Any CPU
	EndGlobalSection
	GlobalSection(ProjectConfigurationPlatforms) = postSolution
		{1C2ABCC6-5734-4C54-B115-9915D838B569}.Debug|Any CPU.ActiveCfg = Debug|Any CPU
		{1C2ABCC6-5734-4C54-B115-9915D838B569}.Debug|Any CPU.Build.0 = Debug|Any CPU
		{1C2ABCC6-5734-4C54-B115-9915D838B569}.Release|Any CPU.ActiveCfg = Release|Any CPU
		{1C2ABCC6-5734-4C54-B115-9915D838B569}.Release|Any CPU.Build.0 = Release|Any CPU
	EndGlobalSection
	GlobalSection(SolutionProperties) = preSolution
		HideSolutionNode = FALSE
	EndGlobalSection
	GlobalSection(ExtensibilityGlobals) = postSolution
		SolutionGuid = {091E0857-6090-4878-B1CC-AB20C04389D8}
	EndGlobalSection
EndGlobal
